
Microsoft Visual Studio Solution File, Format Version 12.00
# Visual Studio 15
VisualStudioVersion = 15.0.27130.2027
MinimumVisualStudioVersion = 10.0.40219.1
Project("{FAE04EC0-301F-11D3-BF4B-00C04F79EFBC}") = "Web", "PetOwners\Web.csproj", "{9A25F4A0-AEA3-4323-B9BB-727BCCA0E62F}"
EndProject
Project("{2150E333-8FDC-42A3-9474-1A3956D46DE8}") = "30 UI", "30 UI", "{F5EAFC6B-CF6D-45C8-B16D-E1E00CF5EAF4}"
EndProject
Project("{2150E333-8FDC-42A3-9474-1A3956D46DE8}") = "10 Core", "10 Core", "{1F6D8E22-A2DB-433C-9309-AEA87CD66E75}"
EndProject
Project("{FAE04EC0-301F-11D3-BF4B-00C04F79EFBC}") = "Domain", "Domain\Domain.csproj", "{3D724EB4-9653-4370-89F0-13FF58187C69}"
EndProject
Project("{2150E333-8FDC-42A3-9474-1A3956D46DE8}") = "20 Infrastructure", "20 Infrastructure", "{15ADA075-D320-41BC-97A1-EF8C353AB2A3}"
EndProject
Project("{2150E333-8FDC-42A3-9474-1A3956D46DE8}") = "40 Tests", "40 Tests", "{30020749-8E3C-43B9-A204-B1112DF3D87B}"
EndProject
Project("{FAE04EC0-301F-11D3-BF4B-00C04F79EFBC}") = "Repository", "DataAccess\Repository.csproj", "{8D07AE72-5C41-4DFC-AD9C-91499128C895}"
EndProject
Project("{FAE04EC0-301F-11D3-BF4B-00C04F79EFBC}") = "DataAccess.WebApi", "WebApiAdapter\DataAccess.WebApi.csproj", "{5B098BE1-92BE-403B-87EC-32C5BD1074F3}"
EndProject
Project("{FAE04EC0-301F-11D3-BF4B-00C04F79EFBC}") = "Unit.DataAccess.WebApi.Test", "DataAccess.WebApi.Tests\Unit.DataAccess.WebApi.Test.csproj", "{52A3A872-067B-4AFD-A653-ABC763BE9A60}"
EndProject
Project("{FAE04EC0-301F-11D3-BF4B-00C04F79EFBC}") = "Unit.Repository.Test", "Repository.Tests\Unit.Repository.Test.csproj", "{7EF1E2B2-88EC-4FD7-A204-E70C36D0BC62}"
EndProject
Project("{FAE04EC0-301F-11D3-BF4B-00C04F79EFBC}") = "Unit.Web.Test", "Web.Tests\Unit.Web.Test.csproj", "{B23070FC-AAF5-4905-9D2C-D4AD8E825E33}"
EndProject
Project("{2150E333-8FDC-42A3-9474-1A3956D46DE8}") = "UnitTests", "UnitTests", "{16A7E5BD-F5F3-48A9-8042-A6837D70F7CF}"
EndProject
Project("{FAE04EC0-301F-11D3-BF4B-00C04F79EFBC}") = "Unit.Domain.Test", "Unit.Domain.Test\Unit.Domain.Test.csproj", "{BC0BE707-ABD3-43AA-9A93-EF94926392B5}"
EndProject
Project("{FAE04EC0-301F-11D3-BF4B-00C04F79EFBC}") = "MockSetup", "Mocks\MockSetup.csproj", "{68657737-8C01-46E2-BC04-ABE3278828C1}"
EndProject
Global
	GlobalSection(SolutionConfigurationPlatforms) = preSolution
		Debug|Any CPU = Debug|Any CPU
		Release|Any CPU = Release|Any CPU
	EndGlobalSection
	GlobalSection(ProjectConfigurationPlatforms) = postSolution
		{9A25F4A0-AEA3-4323-B9BB-727BCCA0E62F}.Debug|Any CPU.ActiveCfg = Debug|Any CPU
		{9A25F4A0-AEA3-4323-B9BB-727BCCA0E62F}.Debug|Any CPU.Build.0 = Debug|Any CPU
		{9A25F4A0-AEA3-4323-B9BB-727BCCA0E62F}.Release|Any CPU.ActiveCfg = Release|Any CPU
		{9A25F4A0-AEA3-4323-B9BB-727BCCA0E62F}.Release|Any CPU.Build.0 = Release|Any CPU
		{3D724EB4-9653-4370-89F0-13FF58187C69}.Debug|Any CPU.ActiveCfg = Debug|Any CPU
		{3D724EB4-9653-4370-89F0-13FF58187C69}.Debug|Any CPU.Build.0 = Debug|Any CPU
		{3D724EB4-9653-4370-89F0-13FF58187C69}.Release|Any CPU.ActiveCfg = Release|Any CPU
		{3D724EB4-9653-4370-89F0-13FF58187C69}.Release|Any CPU.Build.0 = Release|Any CPU
		{8D07AE72-5C41-4DFC-AD9C-91499128C895}.Debug|Any CPU.ActiveCfg = Debug|Any CPU
		{8D07AE72-5C41-4DFC-AD9C-91499128C895}.Debug|Any CPU.Build.0 = Debug|Any CPU
		{8D07AE72-5C41-4DFC-AD9C-91499128C895}.Release|Any CPU.ActiveCfg = Release|Any CPU
		{8D07AE72-5C41-4DFC-AD9C-91499128C895}.Release|Any CPU.Build.0 = Release|Any CPU
		{5B098BE1-92BE-403B-87EC-32C5BD1074F3}.Debug|Any CPU.ActiveCfg = Debug|Any CPU
		{5B098BE1-92BE-403B-87EC-32C5BD1074F3}.Debug|Any CPU.Build.0 = Debug|Any CPU
		{5B098BE1-92BE-403B-87EC-32C5BD1074F3}.Release|Any CPU.ActiveCfg = Release|Any CPU
		{5B098BE1-92BE-403B-87EC-32C5BD1074F3}.Release|Any CPU.Build.0 = Release|Any CPU
		{52A3A872-067B-4AFD-A653-ABC763BE9A60}.Debug|Any CPU.ActiveCfg = Debug|Any CPU
		{52A3A872-067B-4AFD-A653-ABC763BE9A60}.Debug|Any CPU.Build.0 = Debug|Any CPU
		{52A3A872-067B-4AFD-A653-ABC763BE9A60}.Release|Any CPU.ActiveCfg = Release|Any CPU
		{52A3A872-067B-4AFD-A653-ABC763BE9A60}.Release|Any CPU.Build.0 = Release|Any CPU
		{7EF1E2B2-88EC-4FD7-A204-E70C36D0BC62}.Debug|Any CPU.ActiveCfg = Debug|Any CPU
		{7EF1E2B2-88EC-4FD7-A204-E70C36D0BC62}.Debug|Any CPU.Build.0 = Debug|Any CPU
		{7EF1E2B2-88EC-4FD7-A204-E70C36D0BC62}.Release|Any CPU.ActiveCfg = Release|Any CPU
		{7EF1E2B2-88EC-4FD7-A204-E70C36D0BC62}.Release|Any CPU.Build.0 = Release|Any CPU
		{B23070FC-AAF5-4905-9D2C-D4AD8E825E33}.Debug|Any CPU.ActiveCfg = Debug|Any CPU
		{B23070FC-AAF5-4905-9D2C-D4AD8E825E33}.Debug|Any CPU.Build.0 = Debug|Any CPU
		{B23070FC-AAF5-4905-9D2C-D4AD8E825E33}.Release|Any CPU.ActiveCfg = Release|Any CPU
		{B23070FC-AAF5-4905-9D2C-D4AD8E825E33}.Release|Any CPU.Build.0 = Release|Any CPU
		{BC0BE707-ABD3-43AA-9A93-EF94926392B5}.Debug|Any CPU.ActiveCfg = Debug|Any CPU
		{BC0BE707-ABD3-43AA-9A93-EF94926392B5}.Debug|Any CPU.Build.0 = Debug|Any CPU
		{BC0BE707-ABD3-43AA-9A93-EF94926392B5}.Release|Any CPU.ActiveCfg = Release|Any CPU
		{BC0BE707-ABD3-43AA-9A93-EF94926392B5}.Release|Any CPU.Build.0 = Release|Any CPU
		{68657737-8C01-46E2-BC04-ABE3278828C1}.Debug|Any CPU.ActiveCfg = Debug|Any CPU
		{68657737-8C01-46E2-BC04-ABE3278828C1}.Debug|Any CPU.Build.0 = Debug|Any CPU
		{68657737-8C01-46E2-BC04-ABE3278828C1}.Release|Any CPU.ActiveCfg = Release|Any CPU
		{68657737-8C01-46E2-BC04-ABE3278828C1}.Release|Any CPU.Build.0 = Release|Any CPU
	EndGlobalSection
	GlobalSection(SolutionProperties) = preSolution
		HideSolutionNode = FALSE
	EndGlobalSection
	GlobalSection(NestedProjects) = preSolution
		{9A25F4A0-AEA3-4323-B9BB-727BCCA0E62F} = {F5EAFC6B-CF6D-45C8-B16D-E1E00CF5EAF4}
		{3D724EB4-9653-4370-89F0-13FF58187C69} = {1F6D8E22-A2DB-433C-9309-AEA87CD66E75}
		{8D07AE72-5C41-4DFC-AD9C-91499128C895} = {15ADA075-D320-41BC-97A1-EF8C353AB2A3}
		{5B098BE1-92BE-403B-87EC-32C5BD1074F3} = {15ADA075-D320-41BC-97A1-EF8C353AB2A3}
		{52A3A872-067B-4AFD-A653-ABC763BE9A60} = {16A7E5BD-F5F3-48A9-8042-A6837D70F7CF}
		{7EF1E2B2-88EC-4FD7-A204-E70C36D0BC62} = {16A7E5BD-F5F3-48A9-8042-A6837D70F7CF}
		{B23070FC-AAF5-4905-9D2C-D4AD8E825E33} = {16A7E5BD-F5F3-48A9-8042-A6837D70F7CF}
		{16A7E5BD-F5F3-48A9-8042-A6837D70F7CF} = {30020749-8E3C-43B9-A204-B1112DF3D87B}
		{BC0BE707-ABD3-43AA-9A93-EF94926392B5} = {16A7E5BD-F5F3-48A9-8042-A6837D70F7CF}
		{68657737-8C01-46E2-BC04-ABE3278828C1} = {16A7E5BD-F5F3-48A9-8042-A6837D70F7CF}
	EndGlobalSection
	GlobalSection(ExtensibilityGlobals) = postSolution
		SolutionGuid = {766DB200-B30A-467D-A9FD-6568B0F21FFB}
	EndGlobalSection
EndGlobal
